PackratFormat: 1.4
PackratVersion: 0.4.2.1
RVersion: 3.1.2
Repos: CRAN=http://cran.rstudio.com,
    BioCsoft=http://bioconductor.org/packages/3.0/bioc,
    BioCann=http://bioconductor.org/packages/3.0/data/annotation,
    BioCexp=http://bioconductor.org/packages/3.0/data/experiment,
    BioCextra=http://bioconductor.org/packages/3.0/extra

Package: BH
Source: CRAN
Version: 1.55.0-3
Hash: 1c7274ffc895d2c8f23ae98d83a912ed

Package: BradleyTerry2
Source: CRAN
Version: 1.0-6
Hash: 56bc3d675b15b57052bf564146e3550e
Requires: brglm, gtools, lme4

Package: DBI
Source: CRAN
Version: 0.3.1
Hash: 3a9e85b26ec3ab570266bccb3f9de055

Package: R6
Source: CRAN
Version: 2.0.1

Package: RColorBrewer
Source: CRAN
Version: 1.1-2
Hash: 5203278413b09be06483c5ac1920bb05

Package: Rcpp
Source: CRAN
Version: 0.11.4
Hash: 1f684f6afd28079e4e609b49f353e49f

Package: RcppEigen
Source: CRAN
Version: 0.3.2.4.0
Requires: Rcpp

Package: arules
Source: CRAN
Version: 1.1-6
Hash: c778b90b60cf5488d10b256d5727982b

Package: assertthat
Source: CRAN
Version: 0.1

Package: bitops
Source: CRAN
Version: 1.0-6
Hash: cb26464a8321628636b547518994c931

Package: brglm
Source: CRAN
Version: 0.5-9
Hash: ab397c3e2a17f6fa4bb52992c8a0c871
Requires: profileModel

Package: caTools
Source: CRAN
Version: 1.17.1
Hash: bb5fdc266f716b8a289a4f92007d53e3
Requires: bitops

Package: car
Source: CRAN
Version: 2.0-25

Package: caret
Source: CRAN
Version: 6.0-41
Hash: 34824adecdb6f6228e3e68696f1c7dec
Requires: BradleyTerry2, car, foreach, ggplot2, plyr, reshape2

Package: colorspace
Source: CRAN
Version: 1.2-4
Hash: b775bd08a10f968fef582304b7c3ab9c

Package: dichromat
Source: CRAN
Version: 2.0-0
Hash: 42be2136555fa4b6167605df56d8cd7c

Package: digest
Source: CRAN
Version: 0.6.8
Hash: 89dc4c8734dad5322bb3c5c2af09056f

Package: downloader
Source: CRAN
Version: 0.3
Hash: c257c373d85fe5ece9b9bbfd92950283
Requires: digest

Package: dplyr
Source: CRAN
Version: 0.4.1
Hash: 4ce03ad26fb9592dda1274f72c5d3257
Requires: BH, DBI, R6, Rcpp, assertthat, lazyeval, magrittr

Package: e1071
Source: CRAN
Version: 1.6-4
Hash: 0fa8059d11f82a0c054aaa5065e80206

Package: evaluate
Source: CRAN
Version: 0.5.5
Hash: 20881970e590ee68de97a468694db7b0
Requires: stringr

Package: foreach
Source: CRAN
Version: 1.4.2
Hash: fbdaa99f6c6bd4f252c5d8412f6e79c9
Requires: iterators

Package: formatR
Source: CRAN
Version: 1.0
Hash: a90c211d7df7e61a72b8ab6c99c2e848

Package: ggplot2
Source: CRAN
Version: 1.0.1
Hash: 06a8e5faacfd76c9e4ab11a5b7ad94d6
Requires: digest, gtable, plyr, proto, reshape2, scales

Package: gtable
Source: CRAN
Version: 0.1.2
Hash: 0cf4a2b54c02b35dec7e74a8ebed12a0

Package: gtools
Source: CRAN
Version: 3.4.1
Hash: e4c2510a4ba86b5826f05d9f3639cb13

Package: highr
Source: CRAN
Version: 0.4
Hash: 8c77cca8556e1501621b4a5ccb7999bd

Package: htmltools
Source: CRAN
Version: 0.2.6
Hash: 2c87108d130de261ac3c468d3316ae42
Requires: digest

Package: iterators
Source: CRAN
Version: 1.0.7
Hash: b5320a58712688d5b18c207cf256ef3f

Package: knitr
Source: CRAN
Version: 1.9
Hash: 41c29594ced4d02b3b90b4c375680cd3
Requires: digest, formatR, highr, stringr, markdown, evaluate

Package: labeling
Source: CRAN
Version: 0.3
Hash: 568a992912caf7eeddfb121924154047

Package: lazyeval
Source: CRAN
Version: 0.1.10

Package: lme4
Source: CRAN
Version: 1.1-7
Hash: 1855ab0faa27e3250ce386420cf1c670
Requires: Rcpp, RcppEigen, minqa, nloptr

Package: lubridate
Source: CRAN
Version: 1.3.3
Hash: f19612b23b1b15febdf30ee920a6e7df
Requires: memoise, plyr, stringr

Package: magrittr
Source: CRAN
Version: 1.5

Package: markdown
Source: CRAN
Version: 0.7.4
Hash: 01d7f71ed6e3d9b1c17ba51cff91be72
Requires: mime

Package: memoise
Source: CRAN
Version: 0.2.1
Hash: fc52fa39dfd216c44d64812ff31b1c67
Requires: digest

Package: mime
Source: CRAN
Version: 0.2
Hash: 9179db921fcb2e5be44e217042ed06bc

Package: minqa
Source: CRAN
Version: 1.2.4
Hash: bf5030834197a011dc7bc9e117ab8ce3
Requires: Rcpp

Package: munsell
Source: CRAN
Version: 0.4.2
Hash: fa8af6d040041439b249351e9d16ae9a
Requires: colorspace

Package: nloptr
Source: CRAN
Version: 1.0.4
Hash: 2197af13ece296fdf1dd8f8a4e5a40e1

Package: openxlsx
Source: CRAN
Version: 2.4.0
Hash: c32dc0d2c84d700e129b27a4b8d7e995
Requires: Rcpp

Package: packrat
Source: CRAN
Version: 0.4.2-1
Hash: 085f944cec9b56e8a280222b5174c76e

Package: pastecs
Source: CRAN
Version: 1.3-18
Hash: 5573370304d0515016cc8a2ffa52545b

Package: plyr
Source: CRAN
Version: 1.8.1
Hash: 7dd935ee4050eaf2973108be2faf245e
Requires: Rcpp

Package: prettyR
Source: CRAN
Version: 2.1
Hash: e45f4ce71a37368b64f82df273450b54

Package: profileModel
Source: CRAN
Version: 0.5-9
Hash: 122950462321c92e539e4ab8ac2ffd58

Package: proto
Source: CRAN
Version: 0.3-10
Hash: 668a9e87cedbdc5f56c396edf1bd2648

Package: rJava
Source: CRAN
Version: 0.9-6
Hash: 5ea21341e7c1d6a40cdde6ef470fec92

Package: reshape2
Source: CRAN
Version: 1.4.1
Hash: c401ef665db07687e1e54fbc60c683bb
Requires: Rcpp, stringr, plyr

Package: rmarkdown
Source: github
Version: 0.3.10
Hash: b96214b9ac86b437067a0aa21442203f52face83
Requires: yaml, caTools, htmltools, knitr
GithubRepo: rmarkdown
GithubUsername: rstudio
GithubRef: v0.98.1000
GithubSha1: b96214b9ac86b437067a0aa21442203f52face83

Package: scales
Source: CRAN
Version: 0.2.4
Hash: b8b1af97bd07818605223060386b00dd
Requires: RColorBrewer, dichromat, labeling, plyr, munsell

Package: stringr
Source: CRAN
Version: 0.6.2
Hash: cdde0cfa0f52cffeaca23a11a3899779

Package: vcd
Source: CRAN
Version: 1.3-2
Hash: 84c950c179b4c1782e91ebf456bf8c6d
Requires: colorspace

Package: xlsx
Source: CRAN
Version: 0.5.7
Hash: 4083efd9872d1c233a6b6b1ccfc13e4a
Requires: rJava, xlsxjars

Package: xlsxjars
Source: CRAN
Version: 0.6.1
Hash: 3601d069f9b45b0d9a39b6954f4fed48
Requires: rJava

Package: yaml
Source: CRAN
Version: 2.1.13
Hash: e5d041c001f6d641fd009c1f6ef7d831
